
Microsoft Visual Studio Solution File, Format Version 12.00
# Visual Studio 15
VisualStudioVersion = 15.0.27703.2035
MinimumVisualStudioVersion = 10.0.40219.1
Project("{FAE04EC0-301F-11D3-BF4B-00C04F79EFBC}") = "HelloWorld", "HelloWorld\HelloWorld.csproj", "{AEE0D2F0-2CE5-4873-BD45-CB8B9EF81C1F}"
EndProject
Global
	GlobalSection(SolutionConfigurationPlatforms) = preSolution
		Debug|Any CPU = Debug|Any CPU
		Release|Any CPU = Release|Any CPU
	EndGlobalSection
	GlobalSection(ProjectConfigurationPlatforms) = postSolution
		{AEE0D2F0-2CE5-4873-BD45-CB8B9EF81C1F}.Debug|Any CPU.ActiveCfg = Debug|Any CPU
		{AEE0D2F0-2CE5-4873-BD45-CB8B9EF81C1F}.Debug|Any CPU.Build.0 = Debug|Any CPU
		{AEE0D2F0-2CE5-4873-BD45-CB8B9EF81C1F}.Release|Any CPU.ActiveCfg = Release|Any CPU
		{AEE0D2F0-2CE5-4873-BD45-CB8B9EF81C1F}.Release|Any CPU.Build.0 = Release|Any CPU
	EndGlobalSection
	GlobalSection(SolutionProperties) = preSolution
		HideSolutionNode = FALSE
	EndGlobalSection
	GlobalSection(ExtensibilityGlobals) = postSolution
		SolutionGuid = {692DBB59-40DB-4E07-8DAE-9294AB2E88B4}
	EndGlobalSection
EndGlobal
